
Microsoft Visual Studio Solution File, Format Version 12.00
# Visual Studio Version 16
VisualStudioVersion = 16.0.29905.134
MinimumVisualStudioVersion = 10.0.40219.1
Project("{9A19103F-16F7-4668-BE54-9A1E7A4F7556}") = "WebAutomation.Framework.Core", "WebAutomation.Framework.Core\src\WebAutomation.Framework.Core.csproj", "{93621EC7-C6DB-40EF-AA54-E3916338C878}"
EndProject
Project("{9A19103F-16F7-4668-BE54-9A1E7A4F7556}") = "WebAutomation.Framework.Core.Tests", "WebAutomation.Framework.Core.Tests\src\WebAutomation.Framework.Core.Tests.csproj", "{537B83DE-56D6-40E6-B2F6-076A8EE8FF43}"
EndProject
Global
	GlobalSection(SolutionConfigurationPlatforms) = preSolution
		Debug|Any CPU = Debug|Any CPU
		Release|Any CPU = Release|Any CPU
	EndGlobalSection
	GlobalSection(ProjectConfigurationPlatforms) = postSolution
		{93621EC7-C6DB-40EF-AA54-E3916338C878}.Debug|Any CPU.ActiveCfg = Debug|Any CPU
		{93621EC7-C6DB-40EF-AA54-E3916338C878}.Debug|Any CPU.Build.0 = Debug|Any CPU
		{93621EC7-C6DB-40EF-AA54-E3916338C878}.Release|Any CPU.ActiveCfg = Release|Any CPU
		{93621EC7-C6DB-40EF-AA54-E3916338C878}.Release|Any CPU.Build.0 = Release|Any CPU
		{537B83DE-56D6-40E6-B2F6-076A8EE8FF43}.Debug|Any CPU.ActiveCfg = Debug|Any CPU
		{537B83DE-56D6-40E6-B2F6-076A8EE8FF43}.Debug|Any CPU.Build.0 = Debug|Any CPU
		{537B83DE-56D6-40E6-B2F6-076A8EE8FF43}.Release|Any CPU.ActiveCfg = Release|Any CPU
		{537B83DE-56D6-40E6-B2F6-076A8EE8FF43}.Release|Any CPU.Build.0 = Release|Any CPU
	EndGlobalSection
	GlobalSection(SolutionProperties) = preSolution
		HideSolutionNode = FALSE
	EndGlobalSection
	GlobalSection(ExtensibilityGlobals) = postSolution
		SolutionGuid = {6EE57818-43BC-4AEE-A541-D1544C7B7D2F}
	EndGlobalSection
EndGlobal
